
Microsoft Visual Studio Solution File, Format Version 12.00
# Visual Studio 15
VisualStudioVersion = 15.0.26124.0
MinimumVisualStudioVersion = 15.0.26124.0
Project("{FAE04EC0-301F-11D3-BF4B-00C04F79EFBC}") = "YHCJB.Util", "src\YHCJB.Util\YHCJB.Util.csproj", "{880D2CFE-CF38-40ED-9D36-DAEA9AE9FA48}"
EndProject
Project("{FAE04EC0-301F-11D3-BF4B-00C04F79EFBC}") = "YHCJB.HNCJB", "src\YHCJB.HNCJB\YHCJB.HNCJB.csproj", "{8BE463B1-D895-4F18-B3BE-6EBFF68DCC85}"
EndProject
Project("{2150E333-8FDC-42A3-9474-1A3956D46DE8}") = "pkg", "pkg", "{95D1343F-4B43-4084-A8D8-EF72856F450D}"
EndProject
Project("{FAE04EC0-301F-11D3-BF4B-00C04F79EFBC}") = "NPOI", "pkg\NPOI\NPOI.csproj", "{FE8FD465-77C2-41D4-8AD8-B57953BFA736}"
EndProject
Project("{2150E333-8FDC-42A3-9474-1A3956D46DE8}") = "src", "src", "{17B5F62B-714A-4BCB-BFEF-6DF23321004D}"
EndProject
Project("{FAE04EC0-301F-11D3-BF4B-00C04F79EFBC}") = "YHCJB.HNCJB.Test", "src\YHCJB.HNCJB.Test\YHCJB.HNCJB.Test.csproj", "{0AC20459-1526-4CED-9130-B49AF168B153}"
EndProject
Project("{FAE04EC0-301F-11D3-BF4B-00C04F79EFBC}") = "NPOI.OOXML", "pkg\NPOI.OOXML\NPOI.OOXML.csproj", "{65F15316-48EF-4CE3-AB55-FEF4221E96EA}"
EndProject
Global
	GlobalSection(SolutionConfigurationPlatforms) = preSolution
		Debug|Any CPU = Debug|Any CPU
		Debug|x64 = Debug|x64
		Debug|x86 = Debug|x86
		Release|Any CPU = Release|Any CPU
		Release|x64 = Release|x64
		Release|x86 = Release|x86
	EndGlobalSection
	GlobalSection(SolutionProperties) = preSolution
		HideSolutionNode = FALSE
	EndGlobalSection
	GlobalSection(ProjectConfigurationPlatforms) = postSolution
		{880D2CFE-CF38-40ED-9D36-DAEA9AE9FA48}.Debug|Any CPU.ActiveCfg = Debug|Any CPU
		{880D2CFE-CF38-40ED-9D36-DAEA9AE9FA48}.Debug|Any CPU.Build.0 = Debug|Any CPU
		{880D2CFE-CF38-40ED-9D36-DAEA9AE9FA48}.Debug|x64.ActiveCfg = Debug|Any CPU
		{880D2CFE-CF38-40ED-9D36-DAEA9AE9FA48}.Debug|x64.Build.0 = Debug|Any CPU
		{880D2CFE-CF38-40ED-9D36-DAEA9AE9FA48}.Debug|x86.ActiveCfg = Debug|Any CPU
		{880D2CFE-CF38-40ED-9D36-DAEA9AE9FA48}.Debug|x86.Build.0 = Debug|Any CPU
		{880D2CFE-CF38-40ED-9D36-DAEA9AE9FA48}.Release|Any CPU.ActiveCfg = Release|Any CPU
		{880D2CFE-CF38-40ED-9D36-DAEA9AE9FA48}.Release|Any CPU.Build.0 = Release|Any CPU
		{880D2CFE-CF38-40ED-9D36-DAEA9AE9FA48}.Release|x64.ActiveCfg = Release|Any CPU
		{880D2CFE-CF38-40ED-9D36-DAEA9AE9FA48}.Release|x64.Build.0 = Release|Any CPU
		{880D2CFE-CF38-40ED-9D36-DAEA9AE9FA48}.Release|x86.ActiveCfg = Release|Any CPU
		{880D2CFE-CF38-40ED-9D36-DAEA9AE9FA48}.Release|x86.Build.0 = Release|Any CPU
		{8BE463B1-D895-4F18-B3BE-6EBFF68DCC85}.Debug|Any CPU.ActiveCfg = Debug|Any CPU
		{8BE463B1-D895-4F18-B3BE-6EBFF68DCC85}.Debug|Any CPU.Build.0 = Debug|Any CPU
		{8BE463B1-D895-4F18-B3BE-6EBFF68DCC85}.Debug|x64.ActiveCfg = Debug|Any CPU
		{8BE463B1-D895-4F18-B3BE-6EBFF68DCC85}.Debug|x64.Build.0 = Debug|Any CPU
		{8BE463B1-D895-4F18-B3BE-6EBFF68DCC85}.Debug|x86.ActiveCfg = Debug|Any CPU
		{8BE463B1-D895-4F18-B3BE-6EBFF68DCC85}.Debug|x86.Build.0 = Debug|Any CPU
		{8BE463B1-D895-4F18-B3BE-6EBFF68DCC85}.Release|Any CPU.ActiveCfg = Release|Any CPU
		{8BE463B1-D895-4F18-B3BE-6EBFF68DCC85}.Release|Any CPU.Build.0 = Release|Any CPU
		{8BE463B1-D895-4F18-B3BE-6EBFF68DCC85}.Release|x64.ActiveCfg = Release|Any CPU
		{8BE463B1-D895-4F18-B3BE-6EBFF68DCC85}.Release|x64.Build.0 = Release|Any CPU
		{8BE463B1-D895-4F18-B3BE-6EBFF68DCC85}.Release|x86.ActiveCfg = Release|Any CPU
		{8BE463B1-D895-4F18-B3BE-6EBFF68DCC85}.Release|x86.Build.0 = Release|Any CPU
		{FE8FD465-77C2-41D4-8AD8-B57953BFA736}.Debug|Any CPU.ActiveCfg = Debug|Any CPU
		{FE8FD465-77C2-41D4-8AD8-B57953BFA736}.Debug|Any CPU.Build.0 = Debug|Any CPU
		{FE8FD465-77C2-41D4-8AD8-B57953BFA736}.Debug|x64.ActiveCfg = Debug|Any CPU
		{FE8FD465-77C2-41D4-8AD8-B57953BFA736}.Debug|x64.Build.0 = Debug|Any CPU
		{FE8FD465-77C2-41D4-8AD8-B57953BFA736}.Debug|x86.ActiveCfg = Debug|Any CPU
		{FE8FD465-77C2-41D4-8AD8-B57953BFA736}.Debug|x86.Build.0 = Debug|Any CPU
		{FE8FD465-77C2-41D4-8AD8-B57953BFA736}.Release|Any CPU.ActiveCfg = Release|Any CPU
		{FE8FD465-77C2-41D4-8AD8-B57953BFA736}.Release|Any CPU.Build.0 = Release|Any CPU
		{FE8FD465-77C2-41D4-8AD8-B57953BFA736}.Release|x64.ActiveCfg = Release|Any CPU
		{FE8FD465-77C2-41D4-8AD8-B57953BFA736}.Release|x64.Build.0 = Release|Any CPU
		{FE8FD465-77C2-41D4-8AD8-B57953BFA736}.Release|x86.ActiveCfg = Release|Any CPU
		{FE8FD465-77C2-41D4-8AD8-B57953BFA736}.Release|x86.Build.0 = Release|Any CPU
		{0AC20459-1526-4CED-9130-B49AF168B153}.Debug|Any CPU.ActiveCfg = Debug|Any CPU
		{0AC20459-1526-4CED-9130-B49AF168B153}.Debug|Any CPU.Build.0 = Debug|Any CPU
		{0AC20459-1526-4CED-9130-B49AF168B153}.Debug|x64.ActiveCfg = Debug|Any CPU
		{0AC20459-1526-4CED-9130-B49AF168B153}.Debug|x64.Build.0 = Debug|Any CPU
		{0AC20459-1526-4CED-9130-B49AF168B153}.Debug|x86.ActiveCfg = Debug|Any CPU
		{0AC20459-1526-4CED-9130-B49AF168B153}.Debug|x86.Build.0 = Debug|Any CPU
		{0AC20459-1526-4CED-9130-B49AF168B153}.Release|Any CPU.ActiveCfg = Release|Any CPU
		{0AC20459-1526-4CED-9130-B49AF168B153}.Release|Any CPU.Build.0 = Release|Any CPU
		{0AC20459-1526-4CED-9130-B49AF168B153}.Release|x64.ActiveCfg = Release|Any CPU
		{0AC20459-1526-4CED-9130-B49AF168B153}.Release|x64.Build.0 = Release|Any CPU
		{0AC20459-1526-4CED-9130-B49AF168B153}.Release|x86.ActiveCfg = Release|Any CPU
		{0AC20459-1526-4CED-9130-B49AF168B153}.Release|x86.Build.0 = Release|Any CPU
		{65F15316-48EF-4CE3-AB55-FEF4221E96EA}.Debug|Any CPU.ActiveCfg = Debug|Any CPU
		{65F15316-48EF-4CE3-AB55-FEF4221E96EA}.Debug|Any CPU.Build.0 = Debug|Any CPU
		{65F15316-48EF-4CE3-AB55-FEF4221E96EA}.Debug|x64.ActiveCfg = Debug|Any CPU
		{65F15316-48EF-4CE3-AB55-FEF4221E96EA}.Debug|x64.Build.0 = Debug|Any CPU
		{65F15316-48EF-4CE3-AB55-FEF4221E96EA}.Debug|x86.ActiveCfg = Debug|Any CPU
		{65F15316-48EF-4CE3-AB55-FEF4221E96EA}.Debug|x86.Build.0 = Debug|Any CPU
		{65F15316-48EF-4CE3-AB55-FEF4221E96EA}.Release|Any CPU.ActiveCfg = Release|Any CPU
		{65F15316-48EF-4CE3-AB55-FEF4221E96EA}.Release|Any CPU.Build.0 = Release|Any CPU
		{65F15316-48EF-4CE3-AB55-FEF4221E96EA}.Release|x64.ActiveCfg = Release|Any CPU
		{65F15316-48EF-4CE3-AB55-FEF4221E96EA}.Release|x64.Build.0 = Release|Any CPU
		{65F15316-48EF-4CE3-AB55-FEF4221E96EA}.Release|x86.ActiveCfg = Release|Any CPU
		{65F15316-48EF-4CE3-AB55-FEF4221E96EA}.Release|x86.Build.0 = Release|Any CPU
	EndGlobalSection
	GlobalSection(NestedProjects) = preSolution
		{880D2CFE-CF38-40ED-9D36-DAEA9AE9FA48} = {E9B96B5E-CA09-46D0-9ABB-B88D4AC7FA73}
		{8BE463B1-D895-4F18-B3BE-6EBFF68DCC85} = {E9B96B5E-CA09-46D0-9ABB-B88D4AC7FA73}
		{FE8FD465-77C2-41D4-8AD8-B57953BFA736} = {95D1343F-4B43-4084-A8D8-EF72856F450D}
		{0AC20459-1526-4CED-9130-B49AF168B153} = {17B5F62B-714A-4BCB-BFEF-6DF23321004D}
		{65F15316-48EF-4CE3-AB55-FEF4221E96EA} = {95D1343F-4B43-4084-A8D8-EF72856F450D}
	EndGlobalSection
EndGlobal
