
Microsoft Visual Studio Solution File, Format Version 12.00
# Visual Studio 15
VisualStudioVersion = 15.0.26124.0
MinimumVisualStudioVersion = 15.0.26124.0
Project("{2150E333-8FDC-42A3-9474-1A3956D46DE8}") = "src", "src", "{6BEDDBD8-EF11-4F63-B6C9-47BE74996B7E}"
EndProject
Project("{FAE04EC0-301F-11D3-BF4B-00C04F79EFBC}") = "YHCJB.Certification.Data", "src\YHCJB.Certification.Data\YHCJB.Certification.Data.csproj", "{B1BA7065-1083-4993-87E4-EDFFEC65A344}"
EndProject
Global
	GlobalSection(SolutionConfigurationPlatforms) = preSolution
		Debug|Any CPU = Debug|Any CPU
		Debug|x64 = Debug|x64
		Debug|x86 = Debug|x86
		Release|Any CPU = Release|Any CPU
		Release|x64 = Release|x64
		Release|x86 = Release|x86
	EndGlobalSection
	GlobalSection(SolutionProperties) = preSolution
		HideSolutionNode = FALSE
	EndGlobalSection
	GlobalSection(ProjectConfigurationPlatforms) = postSolution
		{B1BA7065-1083-4993-87E4-EDFFEC65A344}.Debug|Any CPU.ActiveCfg = Debug|Any CPU
		{B1BA7065-1083-4993-87E4-EDFFEC65A344}.Debug|Any CPU.Build.0 = Debug|Any CPU
		{B1BA7065-1083-4993-87E4-EDFFEC65A344}.Debug|x64.ActiveCfg = Debug|x64
		{B1BA7065-1083-4993-87E4-EDFFEC65A344}.Debug|x64.Build.0 = Debug|x64
		{B1BA7065-1083-4993-87E4-EDFFEC65A344}.Debug|x86.ActiveCfg = Debug|x86
		{B1BA7065-1083-4993-87E4-EDFFEC65A344}.Debug|x86.Build.0 = Debug|x86
		{B1BA7065-1083-4993-87E4-EDFFEC65A344}.Release|Any CPU.ActiveCfg = Release|Any CPU
		{B1BA7065-1083-4993-87E4-EDFFEC65A344}.Release|Any CPU.Build.0 = Release|Any CPU
		{B1BA7065-1083-4993-87E4-EDFFEC65A344}.Release|x64.ActiveCfg = Release|x64
		{B1BA7065-1083-4993-87E4-EDFFEC65A344}.Release|x64.Build.0 = Release|x64
		{B1BA7065-1083-4993-87E4-EDFFEC65A344}.Release|x86.ActiveCfg = Release|x86
		{B1BA7065-1083-4993-87E4-EDFFEC65A344}.Release|x86.Build.0 = Release|x86
	EndGlobalSection
	GlobalSection(NestedProjects) = preSolution
		{B1BA7065-1083-4993-87E4-EDFFEC65A344} = {6BEDDBD8-EF11-4F63-B6C9-47BE74996B7E}
	EndGlobalSection
EndGlobal
