
Microsoft Visual Studio Solution File, Format Version 12.00
# Visual Studio 15
VisualStudioVersion = 15.0.26124.0
MinimumVisualStudioVersion = 15.0.26124.0
Global
	GlobalSection(SolutionConfigurationPlatforms) = preSolution
		Debug|Any CPU = Debug|Any CPU
		Debug|x64 = Debug|x64
		Debug|x86 = Debug|x86
		Release|Any CPU = Release|Any CPU
		Release|x64 = Release|x64
		Release|x86 = Release|x86
	EndGlobalSection
	GlobalSection(SolutionProperties) = preSolution
		HideSolutionNode = FALSE
	EndGlobalSection
	GlobalSection(ProjectConfigurationPlatforms) = postSolution
		{B1BA7065-1083-4993-87E4-EDFFEC65A344}.Debug|Any CPU.ActiveCfg = Debug|Any CPU
		{B1BA7065-1083-4993-87E4-EDFFEC65A344}.Debug|Any CPU.Build.0 = Debug|Any CPU
		{B1BA7065-1083-4993-87E4-EDFFEC65A344}.Debug|x64.ActiveCfg = Debug|x64
		{B1BA7065-1083-4993-87E4-EDFFEC65A344}.Debug|x64.Build.0 = Debug|x64
		{B1BA7065-1083-4993-87E4-EDFFEC65A344}.Debug|x86.ActiveCfg = Debug|x86
		{B1BA7065-1083-4993-87E4-EDFFEC65A344}.Debug|x86.Build.0 = Debug|x86
		{B1BA7065-1083-4993-87E4-EDFFEC65A344}.Release|Any CPU.ActiveCfg = Release|Any CPU
		{B1BA7065-1083-4993-87E4-EDFFEC65A344}.Release|Any CPU.Build.0 = Release|Any CPU
		{B1BA7065-1083-4993-87E4-EDFFEC65A344}.Release|x64.ActiveCfg = Release|x64
		{B1BA7065-1083-4993-87E4-EDFFEC65A344}.Release|x64.Build.0 = Release|x64
		{B1BA7065-1083-4993-87E4-EDFFEC65A344}.Release|x86.ActiveCfg = Release|x86
		{B1BA7065-1083-4993-87E4-EDFFEC65A344}.Release|x86.Build.0 = Release|x86
		{6DD54A3A-4D6E-4FBD-A825-0034B467E7D7}.Debug|Any CPU.ActiveCfg = Debug|Any CPU
		{6DD54A3A-4D6E-4FBD-A825-0034B467E7D7}.Debug|Any CPU.Build.0 = Debug|Any CPU
		{6DD54A3A-4D6E-4FBD-A825-0034B467E7D7}.Debug|x64.ActiveCfg = Debug|x64
		{6DD54A3A-4D6E-4FBD-A825-0034B467E7D7}.Debug|x64.Build.0 = Debug|x64
		{6DD54A3A-4D6E-4FBD-A825-0034B467E7D7}.Debug|x86.ActiveCfg = Debug|x86
		{6DD54A3A-4D6E-4FBD-A825-0034B467E7D7}.Debug|x86.Build.0 = Debug|x86
		{6DD54A3A-4D6E-4FBD-A825-0034B467E7D7}.Release|Any CPU.ActiveCfg = Release|Any CPU
		{6DD54A3A-4D6E-4FBD-A825-0034B467E7D7}.Release|Any CPU.Build.0 = Release|Any CPU
		{6DD54A3A-4D6E-4FBD-A825-0034B467E7D7}.Release|x64.ActiveCfg = Release|x64
		{6DD54A3A-4D6E-4FBD-A825-0034B467E7D7}.Release|x64.Build.0 = Release|x64
		{6DD54A3A-4D6E-4FBD-A825-0034B467E7D7}.Release|x86.ActiveCfg = Release|x86
		{6DD54A3A-4D6E-4FBD-A825-0034B467E7D7}.Release|x86.Build.0 = Release|x86
		{57246B51-103D-41B9-91EC-84958816128F}.Debug|Any CPU.ActiveCfg = Debug|Any CPU
		{57246B51-103D-41B9-91EC-84958816128F}.Debug|Any CPU.Build.0 = Debug|Any CPU
		{57246B51-103D-41B9-91EC-84958816128F}.Debug|x64.ActiveCfg = Debug|Any CPU
		{57246B51-103D-41B9-91EC-84958816128F}.Debug|x64.Build.0 = Debug|Any CPU
		{57246B51-103D-41B9-91EC-84958816128F}.Debug|x86.ActiveCfg = Debug|Any CPU
		{57246B51-103D-41B9-91EC-84958816128F}.Debug|x86.Build.0 = Debug|Any CPU
		{57246B51-103D-41B9-91EC-84958816128F}.Release|Any CPU.ActiveCfg = Release|Any CPU
		{57246B51-103D-41B9-91EC-84958816128F}.Release|Any CPU.Build.0 = Release|Any CPU
		{57246B51-103D-41B9-91EC-84958816128F}.Release|x64.ActiveCfg = Release|Any CPU
		{57246B51-103D-41B9-91EC-84958816128F}.Release|x64.Build.0 = Release|Any CPU
		{57246B51-103D-41B9-91EC-84958816128F}.Release|x86.ActiveCfg = Release|Any CPU
		{57246B51-103D-41B9-91EC-84958816128F}.Release|x86.Build.0 = Release|Any CPU
	EndGlobalSection
	GlobalSection(NestedProjects) = preSolution
		{B1BA7065-1083-4993-87E4-EDFFEC65A344} = {6BEDDBD8-EF11-4F63-B6C9-47BE74996B7E}
		{6DD54A3A-4D6E-4FBD-A825-0034B467E7D7} = {6BEDDBD8-EF11-4F63-B6C9-47BE74996B7E}
		{57246B51-103D-41B9-91EC-84958816128F} = {746D65F4-F6F6-41CE-8927-97260D0037BB}
	EndGlobalSection
EndGlobal
